// !$*UTF8*$!
{
	archiveVersion = 1;
	classes = {
	};
	objectVersion = 50;
	objects = {

/* Begin PBXBuildFile section */
		F511562D256C1EED0020C29A /* AppDelegate.swift in Sources */ = {isa = PBXBuildFile; fileRef = F511562C256C1EED0020C29A /* AppDelegate.swift */; };
		F511562F256C1EED0020C29A /* SceneDelegate.swift in Sources */ = {isa = PBXBuildFile; fileRef = F511562E256C1EED0020C29A /* SceneDelegate.swift */; };
		F5115631256C1EED0020C29A /* ViewController.swift in Sources */ = {isa = PBXBuildFile; fileRef = F5115630256C1EED0020C29A /* ViewController.swift */; };
		F5115634256C1EED0020C29A /* Main.storyboard in Resources */ = {isa = PBXBuildFile; fileRef = F5115632256C1EED0020C29A /* Main.storyboard */; };
		F5115636256C1EF30020C29A /* Assets.xcassets in Resources */ = {isa = PBXBuildFile; fileRef = F5115635256C1EF30020C29A /* Assets.xcassets */; };
		F5115639256C1EF30020C29A /* LaunchScreen.storyboard in Resources */ = {isa = PBXBuildFile; fileRef = F5115637256C1EF30020C29A /* LaunchScreen.storyboard */; };
		F5115642256C22B60020C29A /* PageControlViewController.swift in Sources */ = {isa = PBXBuildFile; fileRef = F5115641256C22B60020C29A /* PageControlViewController.swift */; };
		F58221F7256CDB2D00E0BD92 /* XboxViewController.swift in Sources */ = {isa = PBXBuildFile; fileRef = F58221F6256CDB2D00E0BD92 /* XboxViewController.swift */; };
		F58221FA256CF4B000E0BD92 /* intro.mp4 in Resources */ = {isa = PBXBuildFile; fileRef = F58221F9256CF4B000E0BD92 /* intro.mp4 */; };
		F5822201256D3E0600E0BD92 /* OneViewController.swift in Sources */ = {isa = PBXBuildFile; fileRef = F5822200256D3E0600E0BD92 /* OneViewController.swift */; };
		F5822204256D400E00E0BD92 /* TwoViewController.swift in Sources */ = {isa = PBXBuildFile; fileRef = F5822203256D400E00E0BD92 /* TwoViewController.swift */; };
		F5822207256D423900E0BD92 /* ThreeViewController.swift in Sources */ = {isa = PBXBuildFile; fileRef = F5822206256D423900E0BD92 /* ThreeViewController.swift */; };
		F582220A256D42AB00E0BD92 /* speed.mov in Resources */ = {isa = PBXBuildFile; fileRef = F5822209256D42AB00E0BD92 /* speed.mov */; };
		F582220D256D48E800E0BD92 /* FourViewController.swift in Sources */ = {isa = PBXBuildFile; fileRef = F582220C256D48E800E0BD92 /* FourViewController.swift */; };
		F5822210256D6F5100E0BD92 /* GameControlViewController.swift in Sources */ = {isa = PBXBuildFile; fileRef = F582220F256D6F5100E0BD92 /* GameControlViewController.swift */; };
/* End PBXBuildFile section */

/* Begin PBXFileReference section */
		F5115629256C1EED0020C29A /* PV.app */ = {isa = PBXFileReference; explicitFileType = wrapper.application; includeInIndex = 0; path = PV.app; sourceTree = BUILT_PRODUCTS_DIR; };
		F511562C256C1EED0020C29A /* AppDelegate.swift */ = {isa = PBXFileReference; lastKnownFileType = sourcecode.swift; path = AppDelegate.swift; sourceTree = "<group>"; };
		F511562E256C1EED0020C29A /* SceneDelegate.swift */ = {isa = PBXFileReference; lastKnownFileType = sourcecode.swift; path = SceneDelegate.swift; sourceTree = "<group>"; };
		F5115630256C1EED0020C29A /* ViewController.swift */ = {isa = PBXFileReference; lastKnownFileType = sourcecode.swift; path = ViewController.swift; sourceTree = "<group>"; };
		F5115633256C1EED0020C29A /* Base */ = {isa = PBXFileReference; lastKnownFileType = file.storyboard; name = Base; path = Base.lproj/Main.storyboard; sourceTree = "<group>"; };
		F5115635256C1EF30020C29A /* Assets.xcassets */ = {isa = PBXFileReference; lastKnownFileType = folder.assetcatalog; path = Assets.xcassets; sourceTree = "<group>"; };
		F5115638256C1EF30020C29A /* Base */ = {isa = PBXFileReference; lastKnownFileType = file.storyboard; name = Base; path = Base.lproj/LaunchScreen.storyboard; sourceTree = "<group>"; };
		F511563A256C1EF30020C29A /* Info.plist */ = {isa = PBXFileReference; lastKnownFileType = text.plist.xml; path = Info.plist; sourceTree = "<group>"; };
		F5115641256C22B60020C29A /* PageControlViewController.swift */ = {isa = PBXFileReference; lastKnownFileType = sourcecode.swift; path = PageControlViewController.swift; sourceTree = "<group>"; };
		F58221F6256CDB2D00E0BD92 /* XboxViewController.swift */ = {isa = PBXFileReference; lastKnownFileType = sourcecode.swift; path = XboxViewController.swift; sourceTree = "<group>"; };
		F58221F9256CF4B000E0BD92 /* intro.mp4 */ = {isa = PBXFileReference; lastKnownFileType = file; path = intro.mp4; sourceTree = "<group>"; };
		F5822200256D3E0600E0BD92 /* OneViewController.swift */ = {isa = PBXFileReference; lastKnownFileType = sourcecode.swift; path = OneViewController.swift; sourceTree = "<group>"; };
		F5822203256D400E00E0BD92 /* TwoViewController.swift */ = {isa = PBXFileReference; lastKnownFileType = sourcecode.swift; path = TwoViewController.swift; sourceTree = "<group>"; };
		F5822206256D423900E0BD92 /* ThreeViewController.swift */ = {isa = PBXFileReference; lastKnownFileType = sourcecode.swift; path = ThreeViewController.swift; sourceTree = "<group>"; };
		F5822209256D42AB00E0BD92 /* speed.mov */ = {isa = PBXFileReference; lastKnownFileType = video.quicktime; path = speed.mov; sourceTree = "<group>"; };
		F582220C256D48E800E0BD92 /* FourViewController.swift */ = {isa = PBXFileReference; lastKnownFileType = sourcecode.swift; path = FourViewController.swift; sourceTree = "<group>"; };
		F582220F256D6F5100E0BD92 /* GameControlViewController.swift */ = {isa = PBXFileReference; lastKnownFileType = sourcecode.swift; path = GameControlViewController.swift; sourceTree = "<group>"; };
/* End PBXFileReference section */

/* Begin PBXFrameworksBuildPhase section */
		F5115626256C1EED0020C29A /* Frameworks */ = {
			isa = PBXFrameworksBuildPhase;
			buildActionMask = 2147483647;
			files = (
			);
			runOnlyForDeploymentPostprocessing = 0;
		};
/* End PBXFrameworksBuildPhase section */

/* Begin PBXGroup section */
		F5115620256C1EED0020C29A = {
			isa = PBXGroup;
			children = (
				F511562B256C1EED0020C29A /* PV */,
				F511562A256C1EED0020C29A /* Products */,
			);
			sourceTree = "<group>";
		};
		F511562A256C1EED0020C29A /* Products */ = {
			isa = PBXGroup;
			children = (
				F5115629256C1EED0020C29A /* PV.app */,
			);
			name = Products;
			sourceTree = "<group>";
		};
		F511562B256C1EED0020C29A /* PV */ = {
			isa = PBXGroup;
			children = (
				F511562C256C1EED0020C29A /* AppDelegate.swift */,
				F5115641256C22B60020C29A /* PageControlViewController.swift */,
				F58221F6256CDB2D00E0BD92 /* XboxViewController.swift */,
				F511562E256C1EED0020C29A /* SceneDelegate.swift */,
				F5115630256C1EED0020C29A /* ViewController.swift */,
				F5822206256D423900E0BD92 /* ThreeViewController.swift */,
				F582220F256D6F5100E0BD92 /* GameControlViewController.swift */,
				F5822200256D3E0600E0BD92 /* OneViewController.swift */,
				F582220C256D48E800E0BD92 /* FourViewController.swift */,
				F5822203256D400E00E0BD92 /* TwoViewController.swift */,
				F58221F9256CF4B000E0BD92 /* intro.mp4 */,
				F5822209256D42AB00E0BD92 /* speed.mov */,
				F5115632256C1EED0020C29A /* Main.storyboard */,
				F5115635256C1EF30020C29A /* Assets.xcassets */,
				F5115637256C1EF30020C29A /* LaunchScreen.storyboard */,
				F511563A256C1EF30020C29A /* Info.plist */,
			);
			path = PV;
			sourceTree = "<group>";
		};
/* End PBXGroup section */

/* Begin PBXNativeTarget section */
		F5115628256C1EED0020C29A /* PV */ = {
			isa = PBXNativeTarget;
			buildConfigurationList = F511563D256C1EF30020C29A /* Build configuration list for PBXNativeTarget "PV" */;
			buildPhases = (
				F5115625256C1EED0020C29A /* Sources */,
				F5115626256C1EED0020C29A /* Frameworks */,
				F5115627256C1EED0020C29A /* Resources */,
			);
			buildRules = (
			);
			dependencies = (
			);
			name = PV;
			productName = PV;
			productReference = F5115629256C1EED0020C29A /* PV.app */;
			productType = "com.apple.product-type.application";
		};
/* End PBXNativeTarget section */

/* Begin PBXProject section */
		F5115621256C1EED0020C29A /* Project object */ = {
			isa = PBXProject;
			attributes = {
				LastSwiftUpdateCheck = 1220;
				LastUpgradeCheck = 1220;
				TargetAttributes = {
					F5115628256C1EED0020C29A = {
						CreatedOnToolsVersion = 12.2;
					};
				};
			};
			buildConfigurationList = F5115624256C1EED0020C29A /* Build configuration list for PBXProject "PV" */;
			compatibilityVersion = "Xcode 9.3";
			developmentRegion = en;
			hasScannedForEncodings = 0;
			knownRegions = (
				en,
				Base,
			);
			mainGroup = F5115620256C1EED0020C29A;
			productRefGroup = F511562A256C1EED0020C29A /* Products */;
			projectDirPath = "";
			projectRoot = "";
			targets = (
				F5115628256C1EED0020C29A /* PV */,
			);
		};
/* End PBXProject section */

/* Begin PBXResourcesBuildPhase section */
		F5115627256C1EED0020C29A /* Resources */ = {
			isa = PBXResourcesBuildPhase;
			buildActionMask = 2147483647;
			files = (
				F58221FA256CF4B000E0BD92 /* intro.mp4 in Resources */,
				F5115639256C1EF30020C29A /* LaunchScreen.storyboard in Resources */,
				F5115636256C1EF30020C29A /* Assets.xcassets in Resources */,
				F5115634256C1EED0020C29A /* Main.storyboard in Resources */,
				F582220A256D42AB00E0BD92 /* speed.mov in Resources */,
			);
			runOnlyForDeploymentPostprocessing = 0;
		};
/* End PBXResourcesBuildPhase section */

/* Begin PBXSourcesBuildPhase section */
		F5115625256C1EED0020C29A /* Sources */ = {
			isa = PBXSourcesBuildPhase;
			buildActionMask = 2147483647;
			files = (
				F5822210256D6F5100E0BD92 /* GameControlViewController.swift in Sources */,
				F5115631256C1EED0020C29A /* ViewController.swift in Sources */,
				F58221F7256CDB2D00E0BD92 /* XboxViewController.swift in Sources */,
				F511562D256C1EED0020C29A /* AppDelegate.swift in Sources */,
				F5822207256D423900E0BD92 /* ThreeViewController.swift in Sources */,
				F5822201256D3E0600E0BD92 /* OneViewController.swift in Sources */,
				F5822204256D400E00E0BD92 /* TwoViewController.swift in Sources */,
				F511562F256C1EED0020C29A /* SceneDelegate.swift in Sources */,
				F5115642256C22B60020C29A /* PageControlViewController.swift in Sources */,
				F582220D256D48E800E0BD92 /* FourViewController.swift in Sources */,
			);
			runOnlyForDeploymentPostprocessing = 0;
		};
/* End PBXSourcesBuildPhase section */

/* Begin PBXVariantGroup section */
		F5115632256C1EED0020C29A /* Main.storyboard */ = {
			isa = PBXVariantGroup;
			children = (
				F5115633256C1EED0020C29A /* Base */,
			);
			name = Main.storyboard;
			sourceTree = "<group>";
		};
		F5115637256C1EF30020C29A /* LaunchScreen.storyboard */ = {
			isa = PBXVariantGroup;
			children = (
				F5115638256C1EF30020C29A /* Base */,
			);
			name = LaunchScreen.storyboard;
			sourceTree = "<group>";
		};
/* End PBXVariantGroup section */

/* Begin XCBuildConfiguration section */
		F511563B256C1EF30020C29A /* Debug */ = {
			isa = XCBuildConfiguration;
			buildSettings = {
				ALWAYS_SEARCH_USER_PATHS = NO;
				CLANG_ANALYZER_NONNULL = YES;
				CLANG_ANALYZER_NUMBER_OBJECT_CONVERSION = YES_AGGRESSIVE;
				CLANG_CXX_LANGUAGE_STANDARD = "gnu++14";
				CLANG_CXX_LIBRARY = "libc++";
				CLANG_ENABLE_MODULES = YES;
				CLANG_ENABLE_OBJC_ARC = YES;
				CLANG_ENABLE_OBJC_WEAK = YES;
				CLANG_WARN_BLOCK_CAPTURE_AUTORELEASING = YES;
				CLANG_WARN_BOOL_CONVERSION = YES;
				CLANG_WARN_COMMA = YES;
				CLANG_WARN_CONSTANT_CONVERSION = YES;
				CLANG_WARN_DEPRECATED_OBJC_IMPLEMENTATIONS = YES;
				CLANG_WARN_DIRECT_OBJC_ISA_USAGE = YES_ERROR;
				CLANG_WARN_DOCUMENTATION_COMMENTS = YES;
				CLANG_WARN_EMPTY_BODY = YES;
				CLANG_WARN_ENUM_CONVERSION = YES;
				CLANG_WARN_INFINITE_RECURSION = YES;
				CLANG_WARN_INT_CONVERSION = YES;
				CLANG_WARN_NON_LITERAL_NULL_CONVERSION = YES;
				CLANG_WARN_OBJC_IMPLICIT_RETAIN_SELF = YES;
				CLANG_WARN_OBJC_LITERAL_CONVERSION = YES;
				CLANG_WARN_OBJC_ROOT_CLASS = YES_ERROR;
				CLANG_WARN_QUOTED_INCLUDE_IN_FRAMEWORK_HEADER = YES;
				CLANG_WARN_RANGE_LOOP_ANALYSIS = YES;
				CLANG_WARN_STRICT_PROTOTYPES = YES;
				CLANG_WARN_SUSPICIOUS_MOVE = YES;
				CLANG_WARN_UNGUARDED_AVAILABILITY = YES_AGGRESSIVE;
				CLANG_WARN_UNREACHABLE_CODE = YES;
				CLANG_WARN__DUPLICATE_METHOD_MATCH = YES;
				COPY_PHASE_STRIP = NO;
				DEBUG_INFORMATION_FORMAT = dwarf;
				ENABLE_STRICT_OBJC_MSGSEND = YES;
				ENABLE_TESTABILITY = YES;
				GCC_C_LANGUAGE_STANDARD = gnu11;
				GCC_DYNAMIC_NO_PIC = NO;
				GCC_NO_COMMON_BLOCKS = YES;
				GCC_OPTIMIZATION_LEVEL = 0;
				GCC_PREPROCESSOR_DEFINITIONS = (
					"DEBUG=1",
					"$(inherited)",
				);
				GCC_WARN_64_TO_32_BIT_CONVERSION = YES;
				GCC_WARN_ABOUT_RETURN_TYPE = YES_ERROR;
				GCC_WARN_UNDECLARED_SELECTOR = YES;
				GCC_WARN_UNINITIALIZED_AUTOS = YES_AGGRESSIVE;
				GCC_WARN_UNUSED_FUNCTION = YES;
				GCC_WARN_UNUSED_VARIABLE = YES;
				IPHONEOS_DEPLOYMENT_TARGET = 14.2;
				MTL_ENABLE_DEBUG_INFO = INCLUDE_SOURCE;
				MTL_FAST_MATH = YES;
				ONLY_ACTIVE_ARCH = YES;
				SDKROOT = iphoneos;
				SWIFT_ACTIVE_COMPILATION_CONDITIONS = DEBUG;
				SWIFT_OPTIMIZATION_LEVEL = "-Onone";
			};
			name = Debug;
		};
		F511563C256C1EF30020C29A /* Release */ = {
			isa = XCBuildConfiguration;
			buildSettings = {
				ALWAYS_SEARCH_USER_PATHS = NO;
				CLANG_ANALYZER_NONNULL = YES;
				CLANG_ANALYZER_NUMBER_OBJECT_CONVERSION = YES_AGGRESSIVE;
				CLANG_CXX_LANGUAGE_STANDARD = "gnu++14";
				CLANG_CXX_LIBRARY = "libc++";
				CLANG_ENABLE_MODULES = YES;
				CLANG_ENABLE_OBJC_ARC = YES;
				CLANG_ENABLE_OBJC_WEAK = YES;
				CLANG_WARN_BLOCK_CAPTURE_AUTORELEASING = YES;
				CLANG_WARN_BOOL_CONVERSION = YES;
				CLANG_WARN_COMMA = YES;
				CLANG_WARN_CONSTANT_CONVERSION = YES;
				CLANG_WARN_DEPRECATED_OBJC_IMPLEMENTATIONS = YES;
				CLANG_WARN_DIRECT_OBJC_ISA_USAGE = YES_ERROR;
				CLANG_WARN_DOCUMENTATION_COMMENTS = YES;
				CLANG_WARN_EMPTY_BODY = YES;
				CLANG_WARN_ENUM_CONVERSION = YES;
				CLANG_WARN_INFINITE_RECURSION = YES;
				CLANG_WARN_INT_CONVERSION = YES;
				CLANG_WARN_NON_LITERAL_NULL_CONVERSION = YES;
				CLANG_WARN_OBJC_IMPLICIT_RETAIN_SELF = YES;
				CLANG_WARN_OBJC_LITERAL_CONVERSION = YES;
				CLANG_WARN_OBJC_ROOT_CLASS = YES_ERROR;
				CLANG_WARN_QUOTED_INCLUDE_IN_FRAMEWORK_HEADER = YES;
				CLANG_WARN_RANGE_LOOP_ANALYSIS = YES;
				CLANG_WARN_STRICT_PROTOTYPES = YES;
				CLANG_WARN_SUSPICIOUS_MOVE = YES;
				CLANG_WARN_UNGUARDED_AVAILABILITY = YES_AGGRESSIVE;
				CLANG_WARN_UNREACHABLE_CODE = YES;
				CLANG_WARN__DUPLICATE_METHOD_MATCH = YES;
				COPY_PHASE_STRIP = NO;
				DEBUG_INFORMATION_FORMAT = "dwarf-with-dsym";
				ENABLE_NS_ASSERTIONS = NO;
				ENABLE_STRICT_OBJC_MSGSEND = YES;
				GCC_C_LANGUAGE_STANDARD = gnu11;
				GCC_NO_COMMON_BLOCKS = YES;
				GCC_WARN_64_TO_32_BIT_CONVERSION = YES;
				GCC_WARN_ABOUT_RETURN_TYPE = YES_ERROR;
				GCC_WARN_UNDECLARED_SELECTOR = YES;
				GCC_WARN_UNINITIALIZED_AUTOS = YES_AGGRESSIVE;
				GCC_WARN_UNUSED_FUNCTION = YES;
				GCC_WARN_UNUSED_VARIABLE = YES;
				IPHONEOS_DEPLOYMENT_TARGET = 14.2;
				MTL_ENABLE_DEBUG_INFO = NO;
				MTL_FAST_MATH = YES;
				SDKROOT = iphoneos;
				SWIFT_COMPILATION_MODE = wholemodule;
				SWIFT_OPTIMIZATION_LEVEL = "-O";
				VALIDATE_PRODUCT = YES;
			};
			name = Release;
		};
		F511563E256C1EF30020C29A /* Debug */ = {
			isa = XCBuildConfiguration;
			buildSettings = {
				ASSETCATALOG_COMPILER_APPICON_NAME = AppIcon;
				ASSETCATALOG_COMPILER_GLOBAL_ACCENT_COLOR_NAME = AccentColor;
				CODE_SIGN_STYLE = Automatic;
				DEVELOPMENT_TEAM = 4WM2BL94N5;
				INFOPLIST_FILE = PV/Info.plist;
				LD_RUNPATH_SEARCH_PATHS = (
					"$(inherited)",
					"@executable_path/Frameworks",
				);
				PRODUCT_BUNDLE_IDENTIFIER = in.co.redphoenix.d1.PV;
				PRODUCT_NAME = "$(TARGET_NAME)";
				SWIFT_VERSION = 5.0;
				TARGETED_DEVICE_FAMILY = "1,2";
			};
			name = Debug;
		};
		F511563F256C1EF30020C29A /* Release */ = {
			isa = XCBuildConfiguration;
			buildSettings = {
				ASSETCATALOG_COMPILER_APPICON_NAME = AppIcon;
				ASSETCATALOG_COMPILER_GLOBAL_ACCENT_COLOR_NAME = AccentColor;
				CODE_SIGN_STYLE = Automatic;
				DEVELOPMENT_TEAM = 4WM2BL94N5;
				INFOPLIST_FILE = PV/Info.plist;
				LD_RUNPATH_SEARCH_PATHS = (
					"$(inherited)",
					"@executable_path/Frameworks",
				);
				PRODUCT_BUNDLE_IDENTIFIER = in.co.redphoenix.d1.PV;
				PRODUCT_NAME = "$(TARGET_NAME)";
				SWIFT_VERSION = 5.0;
				TARGETED_DEVICE_FAMILY = "1,2";
			};
			name = Release;
		};
/* End XCBuildConfiguration section */

/* Begin XCConfigurationList section */
		F5115624256C1EED0020C29A /* Build configuration list for PBXProject "PV" */ = {
			isa = XCConfigurationList;
			buildConfigurations = (
				F511563B256C1EF30020C29A /* Debug */,
				F511563C256C1EF30020C29A /* Release */,
			);
			defaultConfigurationIsVisible = 0;
			defaultConfigurationName = Release;
		};
		F511563D256C1EF30020C29A /* Build configuration list for PBXNativeTarget "PV" */ = {
			isa = XCConfigurationList;
			buildConfigurations = (
				F511563E256C1EF30020C29A /* Debug */,
				F511563F256C1EF30020C29A /* Release */,
			);
			defaultConfigurationIsVisible = 0;
			defaultConfigurationName = Release;
		};
/* End XCConfigurationList section */
	};
	rootObject = F5115621256C1EED0020C29A /* Project object */;
}
